
Microsoft Visual Studio Solution File, Format Version 12.00
# Visual Studio Version 16
VisualStudioVersion = 16.0.31515.178
MinimumVisualStudioVersion = 10.0.40219.1
Project("{FAE04EC0-301F-11D3-BF4B-00C04F79EFBC}") = "Program", "Program\Program.csproj", "{61992A64-92A6-45FA-B0A4-637816B5FCBA}"
EndProject
Global
	GlobalSection(SolutionConfigurationPlatforms) = preSolution
		Debug|Any CPU = Debug|Any CPU
		Release|Any CPU = Release|Any CPU
	EndGlobalSection
	GlobalSection(ProjectConfigurationPlatforms) = postSolution
		{61992A64-92A6-45FA-B0A4-637816B5FCBA}.Debug|Any CPU.ActiveCfg = Debug|Any CPU
		{61992A64-92A6-45FA-B0A4-637816B5FCBA}.Debug|Any CPU.Build.0 = Debug|Any CPU
		{61992A64-92A6-45FA-B0A4-637816B5FCBA}.Release|Any CPU.ActiveCfg = Release|Any CPU
		{61992A64-92A6-45FA-B0A4-637816B5FCBA}.Release|Any CPU.Build.0 = Release|Any CPU
	EndGlobalSection
	GlobalSection(SolutionProperties) = preSolution
		HideSolutionNode = FALSE
	EndGlobalSection
	GlobalSection(ExtensibilityGlobals) = postSolution
		SolutionGuid = {0059A188-3EE0-4940-A085-5B2C1CD0ED15}
	EndGlobalSection
EndGlobal
